// !$*UTF8*$!
{
	archiveVersion = 1;
	classes = {
	};
	objectVersion = 56;
	objects = {

/* Begin PBXBuildFile section */
		1891EDEA2AFB81760001212F /* AppDelegate.swift in Sources */ = {isa = PBXBuildFile; fileRef = 1891EDE92AFB81760001212F /* AppDelegate.swift */; };
		1891EDF12AFB81760001212F /* Main.storyboard in Resources */ = {isa = PBXBuildFile; fileRef = 1891EDEF2AFB81760001212F /* Main.storyboard */; };
		1891EDF32AFB81780001212F /* Assets.xcassets in Resources */ = {isa = PBXBuildFile; fileRef = 1891EDF22AFB81780001212F /* Assets.xcassets */; };
		1891EDF62AFB81780001212F /* LaunchScreen.storyboard in Resources */ = {isa = PBXBuildFile; fileRef = 1891EDF42AFB81780001212F /* LaunchScreen.storyboard */; };
		1891EE012AFB81790001212F /* BDDLabTests.swift in Sources */ = {isa = PBXBuildFile; fileRef = 1891EE002AFB81790001212F /* BDDLabTests.swift */; };
		1891EE1E2AFB82000001212F /* LoginViewController.xib in Resources */ = {isa = PBXBuildFile; fileRef = 1891EE192AFB82000001212F /* LoginViewController.xib */; };
		1891EE1F2AFB82000001212F /* LoginService.swift in Sources */ = {isa = PBXBuildFile; fileRef = 1891EE1A2AFB82000001212F /* LoginService.swift */; };
		1891EE202AFB82000001212F /* ErrorList.swift in Sources */ = {isa = PBXBuildFile; fileRef = 1891EE1B2AFB82000001212F /* ErrorList.swift */; };
		1891EE212AFB82000001212F /* LoginViewModel.swift in Sources */ = {isa = PBXBuildFile; fileRef = 1891EE1C2AFB82000001212F /* LoginViewModel.swift */; };
		1891EE222AFB82000001212F /* LoginViewController.swift in Sources */ = {isa = PBXBuildFile; fileRef = 1891EE1D2AFB82000001212F /* LoginViewController.swift */; };
		18B969AE2AFBDD1F00696908 /* SimpleBDDTest.swift in Sources */ = {isa = PBXBuildFile; fileRef = 18B969AD2AFBDD1F00696908 /* SimpleBDDTest.swift */; };
		18EF18572AFB88BC00A010E3 /* BDDLabLoginServiceMock.swift in Sources */ = {isa = PBXBuildFile; fileRef = 18EF18562AFB88BC00A010E3 /* BDDLabLoginServiceMock.swift */; };
		C81396037C1C462BBEA929D4 /* Pods_BDDLab.framework in Frameworks */ = {isa = PBXBuildFile; fileRef = D8B1325C53C10115B95C2D9B /* Pods_BDDLab.framework */; };
		D9B85D4757004EA62EA031ED /* Pods_BDDLabTests.framework in Frameworks */ = {isa = PBXBuildFile; fileRef = 9472D13FB1E3F5EF780E7DA7 /* Pods_BDDLabTests.framework */; };
/* End PBXBuildFile section */

/* Begin PBXContainerItemProxy section */
		1891EDFD2AFB81790001212F /* PBXContainerItemProxy */ = {
			isa = PBXContainerItemProxy;
			containerPortal = 1891EDDE2AFB81760001212F /* Project object */;
			proxyType = 1;
			remoteGlobalIDString = 1891EDE52AFB81760001212F;
			remoteInfo = BDDLab;
		};
/* End PBXContainerItemProxy section */

/* Begin PBXFileReference section */
		0DBDBAA4D49260E015C13768 /* Pods-BDDLab.release.xcconfig */ = {isa = PBXFileReference; includeInIndex = 1; lastKnownFileType = text.xcconfig; name = "Pods-BDDLab.release.xcconfig"; path = "Target Support Files/Pods-BDDLab/Pods-BDDLab.release.xcconfig"; sourceTree = "<group>"; };
		1891EDE62AFB81760001212F /* BDDLab.app */ = {isa = PBXFileReference; explicitFileType = wrapper.application; includeInIndex = 0; path = BDDLab.app; sourceTree = BUILT_PRODUCTS_DIR; };
		1891EDE92AFB81760001212F /* AppDelegate.swift */ = {isa = PBXFileReference; lastKnownFileType = sourcecode.swift; path = AppDelegate.swift; sourceTree = "<group>"; };
		1891EDF02AFB81760001212F /* Base */ = {isa = PBXFileReference; lastKnownFileType = file.storyboard; name = Base; path = Base.lproj/Main.storyboard; sourceTree = "<group>"; };
		1891EDF22AFB81780001212F /* Assets.xcassets */ = {isa = PBXFileReference; lastKnownFileType = folder.assetcatalog; path = Assets.xcassets; sourceTree = "<group>"; };
		1891EDF52AFB81780001212F /* Base */ = {isa = PBXFileReference; lastKnownFileType = file.storyboard; name = Base; path = Base.lproj/LaunchScreen.storyboard; sourceTree = "<group>"; };
		1891EDF72AFB81780001212F /* Info.plist */ = {isa = PBXFileReference; lastKnownFileType = text.plist.xml; path = Info.plist; sourceTree = "<group>"; };
		1891EDFC2AFB81790001212F /* BDDLabTests.xctest */ = {isa = PBXFileReference; explicitFileType = wrapper.cfbundle; includeInIndex = 0; path = BDDLabTests.xctest; sourceTree = BUILT_PRODUCTS_DIR; };
		1891EE002AFB81790001212F /* BDDLabTests.swift */ = {isa = PBXFileReference; lastKnownFileType = sourcecode.swift; path = BDDLabTests.swift; sourceTree = "<group>"; };
		1891EE192AFB82000001212F /* LoginViewController.xib */ = {isa = PBXFileReference; fileEncoding = 4; lastKnownFileType = file.xib; path = LoginViewController.xib; sourceTree = "<group>"; };
		1891EE1A2AFB82000001212F /* LoginService.swift */ = {isa = PBXFileReference; fileEncoding = 4; lastKnownFileType = sourcecode.swift; path = LoginService.swift; sourceTree = "<group>"; };
		1891EE1B2AFB82000001212F /* ErrorList.swift */ = {isa = PBXFileReference; fileEncoding = 4; lastKnownFileType = sourcecode.swift; path = ErrorList.swift; sourceTree = "<group>"; };
		1891EE1C2AFB82000001212F /* LoginViewModel.swift */ = {isa = PBXFileReference; fileEncoding = 4; lastKnownFileType = sourcecode.swift; path = LoginViewModel.swift; sourceTree = "<group>"; };
		1891EE1D2AFB82000001212F /* LoginViewController.swift */ = {isa = PBXFileReference; fileEncoding = 4; lastKnownFileType = sourcecode.swift; path = LoginViewController.swift; sourceTree = "<group>"; };
		18B969AD2AFBDD1F00696908 /* SimpleBDDTest.swift */ = {isa = PBXFileReference; lastKnownFileType = sourcecode.swift; path = SimpleBDDTest.swift; sourceTree = "<group>"; };
		18EF18562AFB88BC00A010E3 /* BDDLabLoginServiceMock.swift */ = {isa = PBXFileReference; lastKnownFileType = sourcecode.swift; path = BDDLabLoginServiceMock.swift; sourceTree = "<group>"; };
		9472D13FB1E3F5EF780E7DA7 /* Pods_BDDLabTests.framework */ = {isa = PBXFileReference; explicitFileType = wrapper.framework; includeInIndex = 0; path = Pods_BDDLabTests.framework; sourceTree = BUILT_PRODUCTS_DIR; };
		96787296DE2F5801A0F55060 /* Pods-BDDLabTests.release.xcconfig */ = {isa = PBXFileReference; includeInIndex = 1; lastKnownFileType = text.xcconfig; name = "Pods-BDDLabTests.release.xcconfig"; path = "Target Support Files/Pods-BDDLabTests/Pods-BDDLabTests.release.xcconfig"; sourceTree = "<group>"; };
		9EAB0D838959AAC57ED0ECFB /* Pods-BDDLabTests.debug.xcconfig */ = {isa = PBXFileReference; includeInIndex = 1; lastKnownFileType = text.xcconfig; name = "Pods-BDDLabTests.debug.xcconfig"; path = "Target Support Files/Pods-BDDLabTests/Pods-BDDLabTests.debug.xcconfig"; sourceTree = "<group>"; };
		BC4BFFBB15FDE2E78F012B91 /* Pods-BDDLab.debug.xcconfig */ = {isa = PBXFileReference; includeInIndex = 1; lastKnownFileType = text.xcconfig; name = "Pods-BDDLab.debug.xcconfig"; path = "Target Support Files/Pods-BDDLab/Pods-BDDLab.debug.xcconfig"; sourceTree = "<group>"; };
		D8B1325C53C10115B95C2D9B /* Pods_BDDLab.framework */ = {isa = PBXFileReference; explicitFileType = wrapper.framework; includeInIndex = 0; path = Pods_BDDLab.framework; sourceTree = BUILT_PRODUCTS_DIR; };
/* End PBXFileReference section */

/* Begin PBXFrameworksBuildPhase section */
		1891EDE32AFB81760001212F /* Frameworks */ = {
			isa = PBXFrameworksBuildPhase;
			buildActionMask = 2147483647;
			files = (
				C81396037C1C462BBEA929D4 /* Pods_BDDLab.framework in Frameworks */,
			);
			runOnlyForDeploymentPostprocessing = 0;
		};
		1891EDF92AFB81790001212F /* Frameworks */ = {
			isa = PBXFrameworksBuildPhase;
			buildActionMask = 2147483647;
			files = (
				D9B85D4757004EA62EA031ED /* Pods_BDDLabTests.framework in Frameworks */,
			);
			runOnlyForDeploymentPostprocessing = 0;
		};
/* End PBXFrameworksBuildPhase section */

/* Begin PBXGroup section */
		1891EDDD2AFB81760001212F = {
			isa = PBXGroup;
			children = (
				1891EDE82AFB81760001212F /* BDDLab */,
				1891EDFF2AFB81790001212F /* BDDLabTests */,
				1891EDE72AFB81760001212F /* Products */,
				466FFCF595AC94F2F8AD6D18 /* Pods */,
				5A0FDB781643ED1B88BF2877 /* Frameworks */,
			);
			sourceTree = "<group>";
		};
		1891EDE72AFB81760001212F /* Products */ = {
			isa = PBXGroup;
			children = (
				1891EDE62AFB81760001212F /* BDDLab.app */,
				1891EDFC2AFB81790001212F /* BDDLabTests.xctest */,
			);
			name = Products;
			sourceTree = "<group>";
		};
		1891EDE82AFB81760001212F /* BDDLab */ = {
			isa = PBXGroup;
			children = (
				1891EDF72AFB81780001212F /* Info.plist */,
				1891EDE92AFB81760001212F /* AppDelegate.swift */,
				1891EE1B2AFB82000001212F /* ErrorList.swift */,
				1891EE1A2AFB82000001212F /* LoginService.swift */,
				1891EE1D2AFB82000001212F /* LoginViewController.swift */,
				1891EE1C2AFB82000001212F /* LoginViewModel.swift */,
				1891EDF22AFB81780001212F /* Assets.xcassets */,
				1891EE192AFB82000001212F /* LoginViewController.xib */,
				1891EDF42AFB81780001212F /* LaunchScreen.storyboard */,
				1891EDEF2AFB81760001212F /* Main.storyboard */,
			);
			path = BDDLab;
			sourceTree = "<group>";
		};
		1891EDFF2AFB81790001212F /* BDDLabTests */ = {
			isa = PBXGroup;
			children = (
				1891EE002AFB81790001212F /* BDDLabTests.swift */,
				18EF18562AFB88BC00A010E3 /* BDDLabLoginServiceMock.swift */,
				18B969AD2AFBDD1F00696908 /* SimpleBDDTest.swift */,
			);
			path = BDDLabTests;
			sourceTree = "<group>";
		};
		466FFCF595AC94F2F8AD6D18 /* Pods */ = {
			isa = PBXGroup;
			children = (
				BC4BFFBB15FDE2E78F012B91 /* Pods-BDDLab.debug.xcconfig */,
				0DBDBAA4D49260E015C13768 /* Pods-BDDLab.release.xcconfig */,
				9EAB0D838959AAC57ED0ECFB /* Pods-BDDLabTests.debug.xcconfig */,
				96787296DE2F5801A0F55060 /* Pods-BDDLabTests.release.xcconfig */,
			);
			path = Pods;
			sourceTree = "<group>";
		};
		5A0FDB781643ED1B88BF2877 /* Frameworks */ = {
			isa = PBXGroup;
			children = (
				D8B1325C53C10115B95C2D9B /* Pods_BDDLab.framework */,
				9472D13FB1E3F5EF780E7DA7 /* Pods_BDDLabTests.framework */,
			);
			name = Frameworks;
			sourceTree = "<group>";
		};
/* End PBXGroup section */

/* Begin PBXNativeTarget section */
		1891EDE52AFB81760001212F /* BDDLab */ = {
			isa = PBXNativeTarget;
			buildConfigurationList = 1891EE102AFB81790001212F /* Build configuration list for PBXNativeTarget "BDDLab" */;
			buildPhases = (
				A88B820C410097DE3DA9676A /* [CP] Check Pods Manifest.lock */,
				1891EDE22AFB81760001212F /* Sources */,
				1891EDE32AFB81760001212F /* Frameworks */,
				1891EDE42AFB81760001212F /* Resources */,
				91DAEEC24EA20A11977A6E52 /* [CP] Embed Pods Frameworks */,
			);
			buildRules = (
			);
			dependencies = (
			);
			name = BDDLab;
			productName = BDDLab;
			productReference = 1891EDE62AFB81760001212F /* BDDLab.app */;
			productType = "com.apple.product-type.application";
		};
		1891EDFB2AFB81790001212F /* BDDLabTests */ = {
			isa = PBXNativeTarget;
			buildConfigurationList = 1891EE132AFB81790001212F /* Build configuration list for PBXNativeTarget "BDDLabTests" */;
			buildPhases = (
				BBA82AE8E42B5868FA5D0083 /* [CP] Check Pods Manifest.lock */,
				1891EDF82AFB81790001212F /* Sources */,
				1891EDF92AFB81790001212F /* Frameworks */,
				1891EDFA2AFB81790001212F /* Resources */,
				50250671C2D6C4C1650180A2 /* [CP] Embed Pods Frameworks */,
			);
			buildRules = (
			);
			dependencies = (
				1891EDFE2AFB81790001212F /* PBXTargetDependency */,
			);
			name = BDDLabTests;
			productName = BDDLabTests;
			productReference = 1891EDFC2AFB81790001212F /* BDDLabTests.xctest */;
			productType = "com.apple.product-type.bundle.unit-test";
		};
/* End PBXNativeTarget section */

/* Begin PBXProject section */
		1891EDDE2AFB81760001212F /* Project object */ = {
			isa = PBXProject;
			attributes = {
				BuildIndependentTargetsInParallel = 1;
				LastSwiftUpdateCheck = 1500;
				LastUpgradeCheck = 1500;
				TargetAttributes = {
					1891EDE52AFB81760001212F = {
						CreatedOnToolsVersion = 15.0.1;
					};
					1891EDFB2AFB81790001212F = {
						CreatedOnToolsVersion = 15.0.1;
						TestTargetID = 1891EDE52AFB81760001212F;
					};
				};
			};
			buildConfigurationList = 1891EDE12AFB81760001212F /* Build configuration list for PBXProject "BDDLab" */;
			compatibilityVersion = "Xcode 14.0";
			developmentRegion = en;
			hasScannedForEncodings = 0;
			knownRegions = (
				en,
				Base,
			);
			mainGroup = 1891EDDD2AFB81760001212F;
			productRefGroup = 1891EDE72AFB81760001212F /* Products */;
			projectDirPath = "";
			projectRoot = "";
			targets = (
				1891EDE52AFB81760001212F /* BDDLab */,
				1891EDFB2AFB81790001212F /* BDDLabTests */,
			);
		};
/* End PBXProject section */

/* Begin PBXResourcesBuildPhase section */
		1891EDE42AFB81760001212F /* Resources */ = {
			isa = PBXResourcesBuildPhase;
			buildActionMask = 2147483647;
			files = (
				1891EE1E2AFB82000001212F /* LoginViewController.xib in Resources */,
				1891EDF62AFB81780001212F /* LaunchScreen.storyboard in Resources */,
				1891EDF32AFB81780001212F /* Assets.xcassets in Resources */,
				1891EDF12AFB81760001212F /* Main.storyboard in Resources */,
			);
			runOnlyForDeploymentPostprocessing = 0;
		};
		1891EDFA2AFB81790001212F /* Resources */ = {
			isa = PBXResourcesBuildPhase;
			buildActionMask = 2147483647;
			files = (
			);
			runOnlyForDeploymentPostprocessing = 0;
		};
/* End PBXResourcesBuildPhase section */

/* Begin PBXShellScriptBuildPhase section */
		50250671C2D6C4C1650180A2 /* [CP] Embed Pods Frameworks */ = {
			isa = PBXShellScriptBuildPhase;
			buildActionMask = 2147483647;
			files = (
			);
			inputFileListPaths = (
				"${PODS_ROOT}/Target Support Files/Pods-BDDLabTests/Pods-BDDLabTests-frameworks-${CONFIGURATION}-input-files.xcfilelist",
			);
			name = "[CP] Embed Pods Frameworks";
			outputFileListPaths = (
				"${PODS_ROOT}/Target Support Files/Pods-BDDLabTests/Pods-BDDLabTests-frameworks-${CONFIGURATION}-output-files.xcfilelist",
			);
			runOnlyForDeploymentPostprocessing = 0;
			shellPath = /bin/sh;
			shellScript = "\"${PODS_ROOT}/Target Support Files/Pods-BDDLabTests/Pods-BDDLabTests-frameworks.sh\"\n";
			showEnvVarsInLog = 0;
		};
		91DAEEC24EA20A11977A6E52 /* [CP] Embed Pods Frameworks */ = {
			isa = PBXShellScriptBuildPhase;
			buildActionMask = 2147483647;
			files = (
			);
			inputFileListPaths = (
				"${PODS_ROOT}/Target Support Files/Pods-BDDLab/Pods-BDDLab-frameworks-${CONFIGURATION}-input-files.xcfilelist",
			);
			name = "[CP] Embed Pods Frameworks";
			outputFileListPaths = (
				"${PODS_ROOT}/Target Support Files/Pods-BDDLab/Pods-BDDLab-frameworks-${CONFIGURATION}-output-files.xcfilelist",
			);
			runOnlyForDeploymentPostprocessing = 0;
			shellPath = /bin/sh;
			shellScript = "\"${PODS_ROOT}/Target Support Files/Pods-BDDLab/Pods-BDDLab-frameworks.sh\"\n";
			showEnvVarsInLog = 0;
		};
		A88B820C410097DE3DA9676A /* [CP] Check Pods Manifest.lock */ = {
			isa = PBXShellScriptBuildPhase;
			buildActionMask = 2147483647;
			files = (
			);
			inputFileListPaths = (
			);
			inputPaths = (
				"${PODS_PODFILE_DIR_PATH}/Podfile.lock",
				"${PODS_ROOT}/Manifest.lock",
			);
			name = "[CP] Check Pods Manifest.lock";
			outputFileListPaths = (
			);
			outputPaths = (
				"$(DERIVED_FILE_DIR)/Pods-BDDLab-checkManifestLockResult.txt",
			);
			runOnlyForDeploymentPostprocessing = 0;
			shellPath = /bin/sh;
			shellScript = "diff \"${PODS_PODFILE_DIR_PATH}/Podfile.lock\" \"${PODS_ROOT}/Manifest.lock\" > /dev/null\nif [ $? != 0 ] ; then\n    # print error to STDERR\n    echo \"error: The sandbox is not in sync with the Podfile.lock. Run 'pod install' or update your CocoaPods installation.\" >&2\n    exit 1\nfi\n# This output is used by Xcode 'outputs' to avoid re-running this script phase.\necho \"SUCCESS\" > \"${SCRIPT_OUTPUT_FILE_0}\"\n";
			showEnvVarsInLog = 0;
		};
		BBA82AE8E42B5868FA5D0083 /* [CP] Check Pods Manifest.lock */ = {
			isa = PBXShellScriptBuildPhase;
			buildActionMask = 2147483647;
			files = (
			);
			inputFileListPaths = (
			);
			inputPaths = (
				"${PODS_PODFILE_DIR_PATH}/Podfile.lock",
				"${PODS_ROOT}/Manifest.lock",
			);
			name = "[CP] Check Pods Manifest.lock";
			outputFileListPaths = (
			);
			outputPaths = (
				"$(DERIVED_FILE_DIR)/Pods-BDDLabTests-checkManifestLockResult.txt",
			);
			runOnlyForDeploymentPostprocessing = 0;
			shellPath = /bin/sh;
			shellScript = "diff \"${PODS_PODFILE_DIR_PATH}/Podfile.lock\" \"${PODS_ROOT}/Manifest.lock\" > /dev/null\nif [ $? != 0 ] ; then\n    # print error to STDERR\n    echo \"error: The sandbox is not in sync with the Podfile.lock. Run 'pod install' or update your CocoaPods installation.\" >&2\n    exit 1\nfi\n# This output is used by Xcode 'outputs' to avoid re-running this script phase.\necho \"SUCCESS\" > \"${SCRIPT_OUTPUT_FILE_0}\"\n";
			showEnvVarsInLog = 0;
		};
/* End PBXShellScriptBuildPhase section */

/* Begin PBXSourcesBuildPhase section */
		1891EDE22AFB81760001212F /* Sources */ = {
			isa = PBXSourcesBuildPhase;
			buildActionMask = 2147483647;
			files = (
				1891EE212AFB82000001212F /* LoginViewModel.swift in Sources */,
				1891EE202AFB82000001212F /* ErrorList.swift in Sources */,
				1891EDEA2AFB81760001212F /* AppDelegate.swift in Sources */,
				1891EE222AFB82000001212F /* LoginViewController.swift in Sources */,
				1891EE1F2AFB82000001212F /* LoginService.swift in Sources */,
			);
			runOnlyForDeploymentPostprocessing = 0;
		};
		1891EDF82AFB81790001212F /* Sources */ = {
			isa = PBXSourcesBuildPhase;
			buildActionMask = 2147483647;
			files = (
				18EF18572AFB88BC00A010E3 /* BDDLabLoginServiceMock.swift in Sources */,
				18B969AE2AFBDD1F00696908 /* SimpleBDDTest.swift in Sources */,
				1891EE012AFB81790001212F /* BDDLabTests.swift in Sources */,
			);
			runOnlyForDeploymentPostprocessing = 0;
		};
/* End PBXSourcesBuildPhase section */

/* Begin PBXTargetDependency section */
		1891EDFE2AFB81790001212F /* PBXTargetDependency */ = {
			isa = PBXTargetDependency;
			target = 1891EDE52AFB81760001212F /* BDDLab */;
			targetProxy = 1891EDFD2AFB81790001212F /* PBXContainerItemProxy */;
		};
/* End PBXTargetDependency section */

/* Begin PBXVariantGroup section */
		1891EDEF2AFB81760001212F /* Main.storyboard */ = {
			isa = PBXVariantGroup;
			children = (
				1891EDF02AFB81760001212F /* Base */,
			);
			name = Main.storyboard;
			sourceTree = "<group>";
		};
		1891EDF42AFB81780001212F /* LaunchScreen.storyboard */ = {
			isa = PBXVariantGroup;
			children = (
				1891EDF52AFB81780001212F /* Base */,
			);
			name = LaunchScreen.storyboard;
			sourceTree = "<group>";
		};
/* End PBXVariantGroup section */

/* Begin XCBuildConfiguration section */
		1891EE0E2AFB81790001212F /* Debug */ = {
			isa = XCBuildConfiguration;
			buildSettings = {
				ALWAYS_SEARCH_USER_PATHS = NO;
				ASSETCATALOG_COMPILER_GENERATE_SWIFT_ASSET_SYMBOL_EXTENSIONS = YES;
				CLANG_ANALYZER_NONNULL = YES;
				CLANG_ANALYZER_NUMBER_OBJECT_CONVERSION = YES_AGGRESSIVE;
				CLANG_CXX_LANGUAGE_STANDARD = "gnu++20";
				CLANG_ENABLE_MODULES = YES;
				CLANG_ENABLE_OBJC_ARC = YES;
				CLANG_ENABLE_OBJC_WEAK = YES;
				CLANG_WARN_BLOCK_CAPTURE_AUTORELEASING = YES;
				CLANG_WARN_BOOL_CONVERSION = YES;
				CLANG_WARN_COMMA = YES;
				CLANG_WARN_CONSTANT_CONVERSION = YES;
				CLANG_WARN_DEPRECATED_OBJC_IMPLEMENTATIONS = YES;
				CLANG_WARN_DIRECT_OBJC_ISA_USAGE = YES_ERROR;
				CLANG_WARN_DOCUMENTATION_COMMENTS = YES;
				CLANG_WARN_EMPTY_BODY = YES;
				CLANG_WARN_ENUM_CONVERSION = YES;
				CLANG_WARN_INFINITE_RECURSION = YES;
				CLANG_WARN_INT_CONVERSION = YES;
				CLANG_WARN_NON_LITERAL_NULL_CONVERSION = YES;
				CLANG_WARN_OBJC_IMPLICIT_RETAIN_SELF = YES;
				CLANG_WARN_OBJC_LITERAL_CONVERSION = YES;
				CLANG_WARN_OBJC_ROOT_CLASS = YES_ERROR;
				CLANG_WARN_QUOTED_INCLUDE_IN_FRAMEWORK_HEADER = YES;
				CLANG_WARN_RANGE_LOOP_ANALYSIS = YES;
				CLANG_WARN_STRICT_PROTOTYPES = YES;
				CLANG_WARN_SUSPICIOUS_MOVE = YES;
				CLANG_WARN_UNGUARDED_AVAILABILITY = YES_AGGRESSIVE;
				CLANG_WARN_UNREACHABLE_CODE = YES;
				CLANG_WARN__DUPLICATE_METHOD_MATCH = YES;
				COPY_PHASE_STRIP = NO;
				DEBUG_INFORMATION_FORMAT = dwarf;
				ENABLE_STRICT_OBJC_MSGSEND = YES;
				ENABLE_TESTABILITY = YES;
				ENABLE_USER_SCRIPT_SANDBOXING = YES;
				GCC_C_LANGUAGE_STANDARD = gnu17;
				GCC_DYNAMIC_NO_PIC = NO;
				GCC_NO_COMMON_BLOCKS = YES;
				GCC_OPTIMIZATION_LEVEL = 0;
				GCC_PREPROCESSOR_DEFINITIONS = (
					"DEBUG=1",
					"$(inherited)",
				);
				GCC_WARN_64_TO_32_BIT_CONVERSION = YES;
				GCC_WARN_ABOUT_RETURN_TYPE = YES_ERROR;
				GCC_WARN_UNDECLARED_SELECTOR = YES;
				GCC_WARN_UNINITIALIZED_AUTOS = YES_AGGRESSIVE;
				GCC_WARN_UNUSED_FUNCTION = YES;
				GCC_WARN_UNUSED_VARIABLE = YES;
				IPHONEOS_DEPLOYMENT_TARGET = 17.0;
				LOCALIZATION_PREFERS_STRING_CATALOGS = YES;
				MTL_ENABLE_DEBUG_INFO = INCLUDE_SOURCE;
				MTL_FAST_MATH = YES;
				ONLY_ACTIVE_ARCH = YES;
				SDKROOT = iphoneos;
				SWIFT_ACTIVE_COMPILATION_CONDITIONS = "DEBUG $(inherited)";
				SWIFT_OPTIMIZATION_LEVEL = "-Onone";
			};
			name = Debug;
		};
		1891EE0F2AFB81790001212F /* Release */ = {
			isa = XCBuildConfiguration;
			buildSettings = {
				ALWAYS_SEARCH_USER_PATHS = NO;
				ASSETCATALOG_COMPILER_GENERATE_SWIFT_ASSET_SYMBOL_EXTENSIONS = YES;
				CLANG_ANALYZER_NONNULL = YES;
				CLANG_ANALYZER_NUMBER_OBJECT_CONVERSION = YES_AGGRESSIVE;
				CLANG_CXX_LANGUAGE_STANDARD = "gnu++20";
				CLANG_ENABLE_MODULES = YES;
				CLANG_ENABLE_OBJC_ARC = YES;
				CLANG_ENABLE_OBJC_WEAK = YES;
				CLANG_WARN_BLOCK_CAPTURE_AUTORELEASING = YES;
				CLANG_WARN_BOOL_CONVERSION = YES;
				CLANG_WARN_COMMA = YES;
				CLANG_WARN_CONSTANT_CONVERSION = YES;
				CLANG_WARN_DEPRECATED_OBJC_IMPLEMENTATIONS = YES;
				CLANG_WARN_DIRECT_OBJC_ISA_USAGE = YES_ERROR;
				CLANG_WARN_DOCUMENTATION_COMMENTS = YES;
				CLANG_WARN_EMPTY_BODY = YES;
				CLANG_WARN_ENUM_CONVERSION = YES;
				CLANG_WARN_INFINITE_RECURSION = YES;
				CLANG_WARN_INT_CONVERSION = YES;
				CLANG_WARN_NON_LITERAL_NULL_CONVERSION = YES;
				CLANG_WARN_OBJC_IMPLICIT_RETAIN_SELF = YES;
				CLANG_WARN_OBJC_LITERAL_CONVERSION = YES;
				CLANG_WARN_OBJC_ROOT_CLASS = YES_ERROR;
				CLANG_WARN_QUOTED_INCLUDE_IN_FRAMEWORK_HEADER = YES;
				CLANG_WARN_RANGE_LOOP_ANALYSIS = YES;
				CLANG_WARN_STRICT_PROTOTYPES = YES;
				CLANG_WARN_SUSPICIOUS_MOVE = YES;
				CLANG_WARN_UNGUARDED_AVAILABILITY = YES_AGGRESSIVE;
				CLANG_WARN_UNREACHABLE_CODE = YES;
				CLANG_WARN__DUPLICATE_METHOD_MATCH = YES;
				COPY_PHASE_STRIP = NO;
				DEBUG_INFORMATION_FORMAT = "dwarf-with-dsym";
				ENABLE_NS_ASSERTIONS = NO;
				ENABLE_STRICT_OBJC_MSGSEND = YES;
				ENABLE_USER_SCRIPT_SANDBOXING = YES;
				GCC_C_LANGUAGE_STANDARD = gnu17;
				GCC_NO_COMMON_BLOCKS = YES;
				GCC_WARN_64_TO_32_BIT_CONVERSION = YES;
				GCC_WARN_ABOUT_RETURN_TYPE = YES_ERROR;
				GCC_WARN_UNDECLARED_SELECTOR = YES;
				GCC_WARN_UNINITIALIZED_AUTOS = YES_AGGRESSIVE;
				GCC_WARN_UNUSED_FUNCTION = YES;
				GCC_WARN_UNUSED_VARIABLE = YES;
				IPHONEOS_DEPLOYMENT_TARGET = 17.0;
				LOCALIZATION_PREFERS_STRING_CATALOGS = YES;
				MTL_ENABLE_DEBUG_INFO = NO;
				MTL_FAST_MATH = YES;
				SDKROOT = iphoneos;
				SWIFT_COMPILATION_MODE = wholemodule;
				VALIDATE_PRODUCT = YES;
			};
			name = Release;
		};
		1891EE112AFB81790001212F /* Debug */ = {
			isa = XCBuildConfiguration;
			baseConfigurationReference = BC4BFFBB15FDE2E78F012B91 /* Pods-BDDLab.debug.xcconfig */;
			buildSettings = {
				ASSETCATALOG_COMPILER_APPICON_NAME = AppIcon;
				ASSETCATALOG_COMPILER_GLOBAL_ACCENT_COLOR_NAME = AccentColor;
				CODE_SIGN_STYLE = Automatic;
				CURRENT_PROJECT_VERSION = 1;
				ENABLE_USER_SCRIPT_SANDBOXING = NO;
				GENERATE_INFOPLIST_FILE = YES;
				INFOPLIST_FILE = BDDLab/Info.plist;
				INFOPLIST_KEY_UIApplicationSupportsIndirectInputEvents = YES;
				INFOPLIST_KEY_UILaunchStoryboardName = LaunchScreen;
				INFOPLIST_KEY_UIMainStoryboardFile = Main;
				INFOPLIST_KEY_UISupportedInterfaceOrientations_iPad = "UIInterfaceOrientationPortrait UIInterfaceOrientationPortraitUpsideDown UIInterfaceOrientationLandscapeLeft UIInterfaceOrientationLandscapeRight";
				INFOPLIST_KEY_UISupportedInterfaceOrientations_iPhone = "UIInterfaceOrientationPortrait UIInterfaceOrientationLandscapeLeft UIInterfaceOrientationLandscapeRight";
				LD_RUNPATH_SEARCH_PATHS = (
					"$(inherited)",
					"@executable_path/Frameworks",
				);
				MARKETING_VERSION = 1.0;
				PRODUCT_BUNDLE_IDENTIFIER = bdd.BDDLab;
				PRODUCT_NAME = "$(TARGET_NAME)";
				SWIFT_EMIT_LOC_STRINGS = YES;
				SWIFT_VERSION = 5.0;
				TARGETED_DEVICE_FAMILY = "1,2";
			};
			name = Debug;
		};
		1891EE122AFB81790001212F /* Release */ = {
			isa = XCBuildConfiguration;
			baseConfigurationReference = 0DBDBAA4D49260E015C13768 /* Pods-BDDLab.release.xcconfig */;
			buildSettings = {
				ASSETCATALOG_COMPILER_APPICON_NAME = AppIcon;
				ASSETCATALOG_COMPILER_GLOBAL_ACCENT_COLOR_NAME = AccentColor;
				CODE_SIGN_STYLE = Automatic;
				CURRENT_PROJECT_VERSION = 1;
				ENABLE_USER_SCRIPT_SANDBOXING = NO;
				GENERATE_INFOPLIST_FILE = YES;
				INFOPLIST_FILE = BDDLab/Info.plist;
				INFOPLIST_KEY_UIApplicationSupportsIndirectInputEvents = YES;
				INFOPLIST_KEY_UILaunchStoryboardName = LaunchScreen;
				INFOPLIST_KEY_UIMainStoryboardFile = Main;
				INFOPLIST_KEY_UISupportedInterfaceOrientations_iPad = "UIInterfaceOrientationPortrait UIInterfaceOrientationPortraitUpsideDown UIInterfaceOrientationLandscapeLeft UIInterfaceOrientationLandscapeRight";
				INFOPLIST_KEY_UISupportedInterfaceOrientations_iPhone = "UIInterfaceOrientationPortrait UIInterfaceOrientationLandscapeLeft UIInterfaceOrientationLandscapeRight";
				LD_RUNPATH_SEARCH_PATHS = (
					"$(inherited)",
					"@executable_path/Frameworks",
				);
				MARKETING_VERSION = 1.0;
				PRODUCT_BUNDLE_IDENTIFIER = bdd.BDDLab;
				PRODUCT_NAME = "$(TARGET_NAME)";
				SWIFT_EMIT_LOC_STRINGS = YES;
				SWIFT_VERSION = 5.0;
				TARGETED_DEVICE_FAMILY = "1,2";
			};
			name = Release;
		};
		1891EE142AFB81790001212F /* Debug */ = {
			isa = XCBuildConfiguration;
			baseConfigurationReference = 9EAB0D838959AAC57ED0ECFB /* Pods-BDDLabTests.debug.xcconfig */;
			buildSettings = {
				ALWAYS_EMBED_SWIFT_STANDARD_LIBRARIES = YES;
				BUNDLE_LOADER = "$(TEST_HOST)";
				CODE_SIGN_STYLE = Automatic;
				CURRENT_PROJECT_VERSION = 1;
				ENABLE_USER_SCRIPT_SANDBOXING = NO;
				GENERATE_INFOPLIST_FILE = YES;
				IPHONEOS_DEPLOYMENT_TARGET = 17.0;
				MARKETING_VERSION = 1.0;
				PRODUCT_BUNDLE_IDENTIFIER = bdd.BDDLabTests;
				PRODUCT_NAME = "$(TARGET_NAME)";
				SWIFT_EMIT_LOC_STRINGS = NO;
				SWIFT_VERSION = 5.0;
				TARGETED_DEVICE_FAMILY = "1,2";
				TEST_HOST = "$(BUILT_PRODUCTS_DIR)/BDDLab.app/$(BUNDLE_EXECUTABLE_FOLDER_PATH)/BDDLab";
			};
			name = Debug;
		};
		1891EE152AFB81790001212F /* Release */ = {
			isa = XCBuildConfiguration;
			baseConfigurationReference = 96787296DE2F5801A0F55060 /* Pods-BDDLabTests.release.xcconfig */;
			buildSettings = {
				ALWAYS_EMBED_SWIFT_STANDARD_LIBRARIES = YES;
				BUNDLE_LOADER = "$(TEST_HOST)";
				CODE_SIGN_STYLE = Automatic;
				CURRENT_PROJECT_VERSION = 1;
				ENABLE_USER_SCRIPT_SANDBOXING = NO;
				GENERATE_INFOPLIST_FILE = YES;
				IPHONEOS_DEPLOYMENT_TARGET = 17.0;
				MARKETING_VERSION = 1.0;
				PRODUCT_BUNDLE_IDENTIFIER = bdd.BDDLabTests;
				PRODUCT_NAME = "$(TARGET_NAME)";
				SWIFT_EMIT_LOC_STRINGS = NO;
				SWIFT_VERSION = 5.0;
				TARGETED_DEVICE_FAMILY = "1,2";
				TEST_HOST = "$(BUILT_PRODUCTS_DIR)/BDDLab.app/$(BUNDLE_EXECUTABLE_FOLDER_PATH)/BDDLab";
			};
			name = Release;
		};
/* End XCBuildConfiguration section */

/* Begin XCConfigurationList section */
		1891EDE12AFB81760001212F /* Build configuration list for PBXProject "BDDLab" */ = {
			isa = XCConfigurationList;
			buildConfigurations = (
				1891EE0E2AFB81790001212F /* Debug */,
				1891EE0F2AFB81790001212F /* Release */,
			);
			defaultConfigurationIsVisible = 0;
			defaultConfigurationName = Release;
		};
		1891EE102AFB81790001212F /* Build configuration list for PBXNativeTarget "BDDLab" */ = {
			isa = XCConfigurationList;
			buildConfigurations = (
				1891EE112AFB81790001212F /* Debug */,
				1891EE122AFB81790001212F /* Release */,
			);
			defaultConfigurationIsVisible = 0;
			defaultConfigurationName = Release;
		};
		1891EE132AFB81790001212F /* Build configuration list for PBXNativeTarget "BDDLabTests" */ = {
			isa = XCConfigurationList;
			buildConfigurations = (
				1891EE142AFB81790001212F /* Debug */,
				1891EE152AFB81790001212F /* Release */,
			);
			defaultConfigurationIsVisible = 0;
			defaultConfigurationName = Release;
		};
/* End XCConfigurationList section */
	};
	rootObject = 1891EDDE2AFB81760001212F /* Project object */;
}
